{
  "nodes": {
    "fenix": {
      "inputs": {
        "nixpkgs": [
          "nixpkgs"
        ],
        "rust-analyzer-src": "rust-analyzer-src"
      },
      "locked": {
        "lastModified": 1670912709,
        "narHash": "sha256-XLRSCG/MpIKhyAgKeatXo6IcYGHbfY2tU+jczvLOwe8=",
        "owner": "nix-community",
        "repo": "fenix",
        "rev": "5f4b3e24c25ee28dc766803e3e83912a8b5c3926",
        "type": "github"
      },
      "original": {
        "owner": "nix-community",
        "repo": "fenix",
        "rev": "5f4b3e24c25ee28dc766803e3e83912a8b5c3926",
        "type": "github"
      }
    },
    "flake-utils": {
      "locked": {
        "lastModified": 1667395993,
        "narHash": "sha256-nuEHfE/LcWyuSWnS8t12N1wc105Qtau+/OdUAjtQ0rA=",
        "owner": "numtide",
        "repo": "flake-utils",
        "rev": "5aed5285a952e0b949eb3ba02c12fa4fcfef535f",
        "type": "github"
      },
      "original": {
        "owner": "numtide",
        "repo": "flake-utils",
        "type": "github"
      }
    },
    "nixpkgs": {
      "locked": {
        "lastModified": 1669535121,
        "narHash": "sha256-koZLM7oWVGrjyHnYDo7/w5qlmUn9UZUKSFNfmIjueE8=",
        "path": "/nix/store/by2a22ch57a07qwxmd7w9jx4glwgn5pz-source",
        "rev": "b45ec953794bb07922f0468152ad1ebaf8a084b3",
        "type": "path"
      },
      "original": {
        "id": "nixpkgs",
        "type": "indirect"
      }
    },
    "root": {
      "inputs": {
        "fenix": "fenix",
        "flake-utils": "flake-utils",
        "nixpkgs": "nixpkgs"
      }
    },
    "rust-analyzer-src": {
      "flake": false,
      "locked": {
        "lastModified": 1670856663,
        "narHash": "sha256-Jho2iGPkw4DidMH+Gol/rcE6dXsCOWSqt43LCxb0YhM=",
        "owner": "rust-lang",
        "repo": "rust-analyzer",
        "rev": "4596847a88abb0d5077c5111c3093e724673d7a0",
        "type": "github"
      },
      "original": {
        "owner": "rust-lang",
        "ref": "nightly",
        "repo": "rust-analyzer",
        "type": "github"
      }
    }
  },
  "root": "root",
  "version": 7
}
